// !$*UTF8*$!
{
	archiveVersion = 1;
	classes = {
	};
	objectVersion = 46;
	objects = {

/* Begin PBXAggregateTarget section */
		C71826B4858FDC71EF5FA04F /* iossim */ = {
			isa = PBXAggregateTarget;
			buildConfigurationList = C835AB1D80833CCCA3A69DE6 /* Build configuration list for PBXAggregateTarget "iossim" */;
			buildPhases = (
				2EA9A28F542B45C6FDC7105E /* Action "compile iossim" */,
			);
			dependencies = (
			);
			name = iossim;
			productName = iossim;
		};
/* End PBXAggregateTarget section */

/* Begin PBXFileReference section */
		01F5C6692E6BB18B1B07D769 /* common.gypi */ = {isa = PBXFileReference; explicitFileType = sourcecode; name = common.gypi; path = ../../build/common.gypi; sourceTree = "<group>"; };
		163AC66BC2B75DC08C8A7AD4 /* mac_build.gypi */ = {isa = PBXFileReference; explicitFileType = sourcecode; name = mac_build.gypi; path = ../../build/ios/mac_build.gypi; sourceTree = "<group>"; };
		264F2B9DEDCAF65C9108530A /* release_impl_official.gypi */ = {isa = PBXFileReference; explicitFileType = sourcecode; name = release_impl_official.gypi; path = ../../build/internal/release_impl_official.gypi; sourceTree = "<group>"; };
		2838B2D61D41C3FD550BB627 /* coverage.gypi */ = {isa = PBXFileReference; explicitFileType = sourcecode; name = coverage.gypi; path = ../../build/ios/coverage.gypi; sourceTree = "<group>"; };
		376D18BADC41D07CD0DA6EF5 /* release_impl.gypi */ = {isa = PBXFileReference; explicitFileType = sourcecode; name = release_impl.gypi; path = ../../build/internal/release_impl.gypi; sourceTree = "<group>"; };
		39F75969C591860F261C6FB4 /* filename_rules.gypi */ = {isa = PBXFileReference; explicitFileType = sourcecode; name = filename_rules.gypi; path = ../../build/filename_rules.gypi; sourceTree = "<group>"; };
		490746574954E54692BE8581 /* set_clang_warning_flags.gypi */ = {isa = PBXFileReference; explicitFileType = sourcecode; name = set_clang_warning_flags.gypi; path = ../../build/set_clang_warning_flags.gypi; sourceTree = "<group>"; };
		52206D62D79DFE0CB7254760 /* release.gypi */ = {isa = PBXFileReference; explicitFileType = sourcecode; name = release.gypi; path = ../../build/release.gypi; sourceTree = "<group>"; };
		89975AD3C078BE266B955BE5 /* iossim.gyp */ = {isa = PBXFileReference; explicitFileType = sourcecode; path = iossim.gyp; sourceTree = "<group>"; };
		C0A1783C4A468493EF3462F2 /* release_defaults.gypi */ = {isa = PBXFileReference; explicitFileType = sourcecode; name = release_defaults.gypi; path = ../../build/internal/release_defaults.gypi; sourceTree = "<group>"; };
/* End PBXFileReference section */

/* Begin PBXGroup section */
		28DA8B96302A437ACD2FB5A2 = {
			isa = PBXGroup;
			children = (
				5CFAC470409BFE2F71C02E98 /* Build */,
			);
			sourceTree = "<group>";
		};
		5CFAC470409BFE2F71C02E98 /* Build */ = {
			isa = PBXGroup;
			children = (
				01F5C6692E6BB18B1B07D769 /* common.gypi */,
				2838B2D61D41C3FD550BB627 /* coverage.gypi */,
				39F75969C591860F261C6FB4 /* filename_rules.gypi */,
				89975AD3C078BE266B955BE5 /* iossim.gyp */,
				163AC66BC2B75DC08C8A7AD4 /* mac_build.gypi */,
				52206D62D79DFE0CB7254760 /* release.gypi */,
				C0A1783C4A468493EF3462F2 /* release_defaults.gypi */,
				376D18BADC41D07CD0DA6EF5 /* release_impl.gypi */,
				264F2B9DEDCAF65C9108530A /* release_impl_official.gypi */,
				490746574954E54692BE8581 /* set_clang_warning_flags.gypi */,
			);
			name = Build;
			sourceTree = "<group>";
		};
/* End PBXGroup section */

/* Begin PBXProject section */
		504F4BA314BFF083EF835DAE /* Project object */ = {
			isa = PBXProject;
			attributes = {
				BuildIndependentTargetsInParallel = YES;
			};
			buildConfigurationList = 834A09256189CFBC4F25F797 /* Build configuration list for PBXProject "iossim" */;
			compatibilityVersion = "Xcode 3.2";
			hasScannedForEncodings = 1;
			mainGroup = 28DA8B96302A437ACD2FB5A2;
			projectDirPath = "";
			projectRoot = "";
			targets = (
				C71826B4858FDC71EF5FA04F /* iossim */,
			);
		};
/* End PBXProject section */

/* Begin PBXShellScriptBuildPhase section */
		2EA9A28F542B45C6FDC7105E /* Action "compile iossim" */ = {
			isa = PBXShellScriptBuildPhase;
			buildActionMask = 2147483647;
			files = (
			);
			inputPaths = (
			);
			name = "Action \"compile iossim\"";
			outputPaths = (
			);
			runOnlyForDeploymentPostprocessing = 0;
			shellPath = /bin/sh;
			shellScript = "echo note: \"Generating the iossim executable\"\nexec \nexit 1\n";
			showEnvVarsInLog = 0;
		};
/* End PBXShellScriptBuildPhase section */

/* Begin XCBuildConfiguration section */
		54B402111688F2FCBCE4F30A /* Release */ = {
			isa = XCBuildConfiguration;
			buildSettings = {
				INTERMEDIATE_DIR = "$(PROJECT_DERIVED_FILE_DIR)/$(CONFIGURATION)";
				SDKROOT = iphoneos;
				SHARED_INTERMEDIATE_DIR = "$(SYMROOT)/DerivedSources/$(CONFIGURATION)";
				SYMROOT = ../../xcodebuild;
				TARGETED_DEVICE_FAMILY = "1,2";
			};
			name = Release;
		};
		63B651AE73A0994D7CD0EDAC /* Profile */ = {
			isa = XCBuildConfiguration;
			buildSettings = {
				ALWAYS_SEARCH_USER_PATHS = NO;
				ARCHS = "$(ARCHS_STANDARD_INCLUDING_64_BIT)";
				CLANG_CXX_LANGUAGE_STANDARD = "c++11";
				CLANG_CXX_LIBRARY = "libc++";
				CLANG_LINK_OBJC_RUNTIME = NO;
				CLANG_WARN_OBJC_MISSING_PROPERTY_SYNTHESIS = NO;
				COPY_PHASE_STRIP = NO;
				DEAD_CODE_STRIPPING = YES;
				ENABLE_BITCODE = NO;
				GCC_CW_ASM_SYNTAX = NO;
				GCC_C_LANGUAGE_STANDARD = c99;
				GCC_ENABLE_CPP_EXCEPTIONS = YES;
				GCC_ENABLE_CPP_RTTI = YES;
				GCC_ENABLE_PASCAL_STRINGS = NO;
				GCC_INLINES_ARE_PRIVATE_EXTERN = YES;
				GCC_OBJC_CALL_CXX_CDTORS = YES;
				GCC_OPTIMIZATION_LEVEL = s;
				GCC_PRECOMPILE_PREFIX_HEADER = YES;
				GCC_PREPROCESSOR_DEFINITIONS = (
					V8_DEPRECATION_WARNINGS,
					"CLD_VERSION=2",
					DISABLE_NACL,
					CHROMIUM_BUILD,
					"CR_CLANG_REVISION=245402-1",
					"USE_LIBJPEG_TURBO=1",
					ENABLE_CONFIGURATION_POLICY,
					SYSTEM_NATIVELY_SIGNALS_MEMORY_PRESSURE,
					DONT_EMBED_BUILD_METADATA,
					FIELDTRIAL_TESTING_ENABLED,
					"DISABLE_FTP_SUPPORT=1",
					V8_USE_EXTERNAL_STARTUP_DATA,
					"USE_LIBPCI=1",
					NDEBUG,
					NVALGRIND,
					"DYNAMIC_ANNOTATIONS_ENABLED=0",
					"NS_BLOCK_ASSERTIONS=1",
				);
				GCC_SYMBOLS_PRIVATE_EXTERN = YES;
				GCC_THREADSAFE_STATICS = NO;
				GCC_TREAT_WARNINGS_AS_ERRORS = NO;
				GCC_VERSION = com.apple.compilers.llvm.clang.1_0;
				GCC_WARN_ABOUT_MISSING_NEWLINE = YES;
				HEADER_SEARCH_PATHS = "$(SHARED_INTERMEDIATE_DIR)";
				IPHONEOS_DEPLOYMENT_TARGET = 7.0;
				OTHER_CFLAGS = "-Wno-shorten-64-to-32";
				OTHER_LDFLAGS = "-Wl,-search_paths_first";
				PRODUCT_NAME = iossim;
				RUN_CLANG_STATIC_ANALYZER = NO;
				USE_HEADERMAP = NO;
				VALID_ARCHS = (
					arm64,
					x86_64,
				);
				WARNING_CFLAGS = (
					"-Wendif-labels",
					"-Wno-unused-parameter",
					"-Wno-missing-field-initializers",
					"-Wno-selector-type-mismatch",
					"-Wno-unknown-warning-option",
					"-Wno-nullability-completeness",
					"-Wheader-hygiene",
					"-Wno-char-subscripts",
					"-Wno-unneeded-internal-declaration",
					"-Wno-covered-switch-default",
					"-Wstring-conversion",
					"-Wno-c++11-narrowing",
					"-Wno-deprecated-register",
					"-Wno-inconsistent-missing-override",
					"-Wno-shift-negative-value",
					"-Wno-unused-function",
					"-Wno-unused-variable",
				);
				WARNING_CFLAGS_excluded = (
					"-Wall",
					"-Wextra",
				);
			};
			name = Profile;
		};
		83DC2AF7D962942FE6D2B825 /* Debug */ = {
			isa = XCBuildConfiguration;
			buildSettings = {
				INTERMEDIATE_DIR = "$(PROJECT_DERIVED_FILE_DIR)/$(CONFIGURATION)";
				SDKROOT = iphoneos;
				SHARED_INTERMEDIATE_DIR = "$(SYMROOT)/DerivedSources/$(CONFIGURATION)";
				SYMROOT = ../../xcodebuild;
				TARGETED_DEVICE_FAMILY = "1,2";
			};
			name = Debug;
		};
		91FC095FC02ACF2DBDCBBCB8 /* Profile */ = {
			isa = XCBuildConfiguration;
			buildSettings = {
				INTERMEDIATE_DIR = "$(PROJECT_DERIVED_FILE_DIR)/$(CONFIGURATION)";
				SDKROOT = iphoneos;
				SHARED_INTERMEDIATE_DIR = "$(SYMROOT)/DerivedSources/$(CONFIGURATION)";
				SYMROOT = ../../xcodebuild;
				TARGETED_DEVICE_FAMILY = "1,2";
			};
			name = Profile;
		};
		AF3FB0ED10ED525A509793EC /* Debug */ = {
			isa = XCBuildConfiguration;
			buildSettings = {
				ALWAYS_SEARCH_USER_PATHS = NO;
				ARCHS = "$(ARCHS_STANDARD_INCLUDING_64_BIT)";
				CLANG_CXX_LANGUAGE_STANDARD = "c++11";
				CLANG_CXX_LIBRARY = "libc++";
				CLANG_LINK_OBJC_RUNTIME = NO;
				CLANG_WARN_OBJC_MISSING_PROPERTY_SYNTHESIS = NO;
				COPY_PHASE_STRIP = NO;
				ENABLE_BITCODE = NO;
				GCC_CW_ASM_SYNTAX = NO;
				GCC_C_LANGUAGE_STANDARD = c99;
				GCC_ENABLE_CPP_EXCEPTIONS = YES;
				GCC_ENABLE_CPP_RTTI = YES;
				GCC_ENABLE_PASCAL_STRINGS = NO;
				GCC_INLINES_ARE_PRIVATE_EXTERN = YES;
				GCC_OBJC_CALL_CXX_CDTORS = YES;
				GCC_OPTIMIZATION_LEVEL = 0;
				GCC_PRECOMPILE_PREFIX_HEADER = YES;
				GCC_PREPROCESSOR_DEFINITIONS = (
					V8_DEPRECATION_WARNINGS,
					"CLD_VERSION=2",
					DISABLE_NACL,
					CHROMIUM_BUILD,
					"CR_CLANG_REVISION=245402-1",
					"USE_LIBJPEG_TURBO=1",
					ENABLE_CONFIGURATION_POLICY,
					SYSTEM_NATIVELY_SIGNALS_MEMORY_PRESSURE,
					DONT_EMBED_BUILD_METADATA,
					FIELDTRIAL_TESTING_ENABLED,
					"DISABLE_FTP_SUPPORT=1",
					V8_USE_EXTERNAL_STARTUP_DATA,
					"USE_LIBPCI=1",
					"DYNAMIC_ANNOTATIONS_ENABLED=1",
					"WTF_USE_DYNAMIC_ANNOTATIONS=1",
				);
				GCC_SYMBOLS_PRIVATE_EXTERN = YES;
				GCC_THREADSAFE_STATICS = NO;
				GCC_TREAT_WARNINGS_AS_ERRORS = NO;
				GCC_VERSION = com.apple.compilers.llvm.clang.1_0;
				GCC_WARN_ABOUT_MISSING_NEWLINE = YES;
				HEADER_SEARCH_PATHS = "$(SHARED_INTERMEDIATE_DIR)";
				IPHONEOS_DEPLOYMENT_TARGET = 7.0;
				OTHER_CFLAGS = (
					"-Wno-shorten-64-to-32",
					"-fstack-protector-all",
					"-Wno-undefined-bool-conversion",
					"-Wno-tautological-undefined-compare",
				);
				OTHER_LDFLAGS = "-Wl,-search_paths_first";
				PRODUCT_NAME = iossim;
				RUN_CLANG_STATIC_ANALYZER = NO;
				USE_HEADERMAP = NO;
				VALID_ARCHS = (
					arm64,
					x86_64,
				);
				WARNING_CFLAGS = (
					"-Wendif-labels",
					"-Wno-unused-parameter",
					"-Wno-missing-field-initializers",
					"-Wno-selector-type-mismatch",
					"-Wno-unknown-warning-option",
					"-Wno-nullability-completeness",
					"-Wheader-hygiene",
					"-Wno-char-subscripts",
					"-Wno-unneeded-internal-declaration",
					"-Wno-covered-switch-default",
					"-Wstring-conversion",
					"-Wno-c++11-narrowing",
					"-Wno-deprecated-register",
					"-Wno-inconsistent-missing-override",
					"-Wno-shift-negative-value",
					"-Wno-unused-function",
					"-Wno-unused-variable",
				);
				WARNING_CFLAGS_excluded = (
					"-Wall",
					"-Wextra",
				);
			};
			name = Debug;
		};
		CBE784B632883419A6236779 /* Release */ = {
			isa = XCBuildConfiguration;
			buildSettings = {
				ALWAYS_SEARCH_USER_PATHS = NO;
				ARCHS = "$(ARCHS_STANDARD_INCLUDING_64_BIT)";
				CLANG_CXX_LANGUAGE_STANDARD = "c++11";
				CLANG_CXX_LIBRARY = "libc++";
				CLANG_LINK_OBJC_RUNTIME = NO;
				CLANG_WARN_OBJC_MISSING_PROPERTY_SYNTHESIS = NO;
				COPY_PHASE_STRIP = NO;
				DEAD_CODE_STRIPPING = YES;
				ENABLE_BITCODE = NO;
				GCC_CW_ASM_SYNTAX = NO;
				GCC_C_LANGUAGE_STANDARD = c99;
				GCC_ENABLE_CPP_EXCEPTIONS = YES;
				GCC_ENABLE_CPP_RTTI = YES;
				GCC_ENABLE_PASCAL_STRINGS = NO;
				GCC_INLINES_ARE_PRIVATE_EXTERN = YES;
				GCC_OBJC_CALL_CXX_CDTORS = YES;
				GCC_OPTIMIZATION_LEVEL = s;
				GCC_PRECOMPILE_PREFIX_HEADER = YES;
				GCC_PREPROCESSOR_DEFINITIONS = (
					V8_DEPRECATION_WARNINGS,
					"CLD_VERSION=2",
					DISABLE_NACL,
					CHROMIUM_BUILD,
					"CR_CLANG_REVISION=245402-1",
					"USE_LIBJPEG_TURBO=1",
					ENABLE_CONFIGURATION_POLICY,
					SYSTEM_NATIVELY_SIGNALS_MEMORY_PRESSURE,
					DONT_EMBED_BUILD_METADATA,
					FIELDTRIAL_TESTING_ENABLED,
					"DISABLE_FTP_SUPPORT=1",
					V8_USE_EXTERNAL_STARTUP_DATA,
					"USE_LIBPCI=1",
					NDEBUG,
					NVALGRIND,
					"DYNAMIC_ANNOTATIONS_ENABLED=0",
					"NS_BLOCK_ASSERTIONS=1",
				);
				GCC_SYMBOLS_PRIVATE_EXTERN = YES;
				GCC_THREADSAFE_STATICS = NO;
				GCC_TREAT_WARNINGS_AS_ERRORS = NO;
				GCC_VERSION = com.apple.compilers.llvm.clang.1_0;
				GCC_WARN_ABOUT_MISSING_NEWLINE = YES;
				HEADER_SEARCH_PATHS = "$(SHARED_INTERMEDIATE_DIR)";
				IPHONEOS_DEPLOYMENT_TARGET = 7.0;
				OTHER_CFLAGS = "-Wno-shorten-64-to-32";
				OTHER_LDFLAGS = "-Wl,-search_paths_first";
				PRODUCT_NAME = iossim;
				RUN_CLANG_STATIC_ANALYZER = NO;
				USE_HEADERMAP = NO;
				VALID_ARCHS = (
					arm64,
					x86_64,
				);
				WARNING_CFLAGS = (
					"-Wendif-labels",
					"-Wno-unused-parameter",
					"-Wno-missing-field-initializers",
					"-Wno-selector-type-mismatch",
					"-Wno-unknown-warning-option",
					"-Wno-nullability-completeness",
					"-Wheader-hygiene",
					"-Wno-char-subscripts",
					"-Wno-unneeded-internal-declaration",
					"-Wno-covered-switch-default",
					"-Wstring-conversion",
					"-Wno-c++11-narrowing",
					"-Wno-deprecated-register",
					"-Wno-inconsistent-missing-override",
					"-Wno-shift-negative-value",
					"-Wno-unused-function",
					"-Wno-unused-variable",
				);
				WARNING_CFLAGS_excluded = (
					"-Wall",
					"-Wextra",
				);
			};
			name = Release;
		};
/* End XCBuildConfiguration section */

/* Begin XCConfigurationList section */
		834A09256189CFBC4F25F797 /* Build configuration list for PBXProject "iossim" */ = {
			isa = XCConfigurationList;
			buildConfigurations = (
				83DC2AF7D962942FE6D2B825 /* Debug */,
				91FC095FC02ACF2DBDCBBCB8 /* Profile */,
				54B402111688F2FCBCE4F30A /* Release */,
			);
			defaultConfigurationIsVisible = 1;
			defaultConfigurationName = Debug;
		};
		C835AB1D80833CCCA3A69DE6 /* Build configuration list for PBXAggregateTarget "iossim" */ = {
			isa = XCConfigurationList;
			buildConfigurations = (
				AF3FB0ED10ED525A509793EC /* Debug */,
				63B651AE73A0994D7CD0EDAC /* Profile */,
				CBE784B632883419A6236779 /* Release */,
			);
			defaultConfigurationIsVisible = 1;
			defaultConfigurationName = Debug;
		};
/* End XCConfigurationList section */
	};
	rootObject = 504F4BA314BFF083EF835DAE /* Project object */;
}
